lockfileVersion: '6.0'

dependencies:
  '@trpc/server':
    specifier: ^10.29.1
    version: 10.29.1
  zod:
    specifier: ^3.0.0
    version: 3.0.0

devDependencies:
  '@types/node':
    specifier: ^18.16.16
    version: 18.16.16

packages:

  /@trpc/server@10.29.1:
    resolution: {integrity: sha512-kNXgMh5ya+awuz2tB4eIyVrRs7nVtqGXwSGabzH3l5ZLWz7rbKJquOJ7h6bjvIfWUpaFG62HJNWxxGUtXCRgRw==}
    dev: false

  /@types/node@18.16.16:
    resolution: {integrity: sha512-NpaM49IGQQAUlBhHMF82QH80J08os4ZmyF9MkpCzWAGuOHqE4gTEbhzd7L3l5LmWuZ6E0OiC1FweQ4tsiW35+g==}
    dev: true

  /zod@3.0.0:
    resolution: {integrity: sha512-4DBG6siN02ooPB1yvEEqoe32maHzKEdGgtQ2HEz6FnFtgTjwZtzJ3ScuiDgtssWfDyLnQ3MvtSj6ff5ANL4STw==}
    dev: false
